
Microsoft Visual Studio Solution File, Format Version 12.00
# Visual Studio Version 16
VisualStudioVersion = 16.0.30413.136
MinimumVisualStudioVersion = 10.0.40219.1
Project("{FAE04EC0-301F-11D3-BF4B-00C04F79EFBC}") = "Garage2", "Garage2\Garage2.csproj", "{4120AF85-CF37-4D30-AC67-31DD335BE12D}"
EndProject
Project("{FAE04EC0-301F-11D3-BF4B-00C04F79EFBC}") = "UnitTest", "UnitTest\UnitTest.csproj", "{0CDFC84D-4527-4B0C-9BC1-8E519F26A237}"
EndProject
Global
	GlobalSection(SolutionConfigurationPlatforms) = preSolution
		Debug|Any CPU = Debug|Any CPU
		Release|Any CPU = Release|Any CPU
	EndGlobalSection
	GlobalSection(ProjectConfigurationPlatforms) = postSolution
		{4120AF85-CF37-4D30-AC67-31DD335BE12D}.Debug|Any CPU.ActiveCfg = Debug|Any CPU
		{4120AF85-CF37-4D30-AC67-31DD335BE12D}.Debug|Any CPU.Build.0 = Debug|Any CPU
		{4120AF85-CF37-4D30-AC67-31DD335BE12D}.Release|Any CPU.ActiveCfg = Release|Any CPU
		{4120AF85-CF37-4D30-AC67-31DD335BE12D}.Release|Any CPU.Build.0 = Release|Any CPU
		{0CDFC84D-4527-4B0C-9BC1-8E519F26A237}.Debug|Any CPU.ActiveCfg = Debug|Any CPU
		{0CDFC84D-4527-4B0C-9BC1-8E519F26A237}.Debug|Any CPU.Build.0 = Debug|Any CPU
		{0CDFC84D-4527-4B0C-9BC1-8E519F26A237}.Release|Any CPU.ActiveCfg = Release|Any CPU
		{0CDFC84D-4527-4B0C-9BC1-8E519F26A237}.Release|Any CPU.Build.0 = Release|Any CPU
	EndGlobalSection
	GlobalSection(SolutionProperties) = preSolution
		HideSolutionNode = FALSE
	EndGlobalSection
	GlobalSection(ExtensibilityGlobals) = postSolution
		SolutionGuid = {AB922F7E-A55C-425D-828E-D01593015EAE}
	EndGlobalSection
EndGlobal
